uuid: 8808e603-7f04-4934-a8c0-af1838af2643
langcode: en-gb
status: true
dependencies:
  config:
    - field.storage.paragraph.field_team_members_block
    - paragraphs.paragraphs_type.team_members_block
  module:
    - viewsreference
id: paragraph.team_members_block.field_team_members_block
field_name: field_team_members_block
entity_type: paragraph
bundle: team_members_block
label: 'Team Members Block'
description: ''
required: false
translatable: false
default_value: {  }
default_value_callback: ''
settings:
  handler: 'default:view'
  handler_settings:
    target_bundles: null
    auto_create: false
  plugin_types:
    block: block
  preselect_views:
    directory_members: directory_members
  enabled_settings: {  }
field_type: viewsreference
